
Microsoft Visual Studio Solution File, Format Version 12.00
# Visual Studio Version 16
VisualStudioVersion = 16.0.30621.155
MinimumVisualStudioVersion = 10.0.40219.1
Project("{FAE04EC0-301F-11D3-BF4B-00C04F79EFBC}") = "AcerPro.UIMVC", "AcerPro.UIMVC\AcerPro.UIMVC.csproj", "{634458D1-2C2C-4892-86AF-E44AF8285B44}"
EndProject
Project("{FAE04EC0-301F-11D3-BF4B-00C04F79EFBC}") = "AcerPro.Business", "AcerPro.Business\AcerPro.Business.csproj", "{FFE38B31-E370-4B27-A1A1-2E7786BF719E}"
EndProject
Project("{FAE04EC0-301F-11D3-BF4B-00C04F79EFBC}") = "AcerPro.Model", "AcerPro.Model\AcerPro.Model.csproj", "{2EC9AD48-6BE1-45CC-AB24-E2184777EE76}"
EndProject
Project("{FAE04EC0-301F-11D3-BF4B-00C04F79EFBC}") = "AcerPro.DAL", "AcerPro.DAL\AcerPro.DAL.csproj", "{BA17A550-6A91-4DC5-9A4B-ED5A17BF1C92}"
EndProject
Global
	GlobalSection(SolutionConfigurationPlatforms) = preSolution
		Debug|Any CPU = Debug|Any CPU
		Release|Any CPU = Release|Any CPU
	EndGlobalSection
	GlobalSection(ProjectConfigurationPlatforms) = postSolution
		{634458D1-2C2C-4892-86AF-E44AF8285B44}.Debug|Any CPU.ActiveCfg = Debug|Any CPU
		{634458D1-2C2C-4892-86AF-E44AF8285B44}.Debug|Any CPU.Build.0 = Debug|Any CPU
		{634458D1-2C2C-4892-86AF-E44AF8285B44}.Release|Any CPU.ActiveCfg = Release|Any CPU
		{634458D1-2C2C-4892-86AF-E44AF8285B44}.Release|Any CPU.Build.0 = Release|Any CPU
		{FFE38B31-E370-4B27-A1A1-2E7786BF719E}.Debug|Any CPU.ActiveCfg = Debug|Any CPU
		{FFE38B31-E370-4B27-A1A1-2E7786BF719E}.Debug|Any CPU.Build.0 = Debug|Any CPU
		{FFE38B31-E370-4B27-A1A1-2E7786BF719E}.Release|Any CPU.ActiveCfg = Release|Any CPU
		{FFE38B31-E370-4B27-A1A1-2E7786BF719E}.Release|Any CPU.Build.0 = Release|Any CPU
		{2EC9AD48-6BE1-45CC-AB24-E2184777EE76}.Debug|Any CPU.ActiveCfg = Debug|Any CPU
		{2EC9AD48-6BE1-45CC-AB24-E2184777EE76}.Debug|Any CPU.Build.0 = Debug|Any CPU
		{2EC9AD48-6BE1-45CC-AB24-E2184777EE76}.Release|Any CPU.ActiveCfg = Release|Any CPU
		{2EC9AD48-6BE1-45CC-AB24-E2184777EE76}.Release|Any CPU.Build.0 = Release|Any CPU
		{BA17A550-6A91-4DC5-9A4B-ED5A17BF1C92}.Debug|Any CPU.ActiveCfg = Debug|Any CPU
		{BA17A550-6A91-4DC5-9A4B-ED5A17BF1C92}.Debug|Any CPU.Build.0 = Debug|Any CPU
		{BA17A550-6A91-4DC5-9A4B-ED5A17BF1C92}.Release|Any CPU.ActiveCfg = Release|Any CPU
		{BA17A550-6A91-4DC5-9A4B-ED5A17BF1C92}.Release|Any CPU.Build.0 = Release|Any CPU
	EndGlobalSection
	GlobalSection(SolutionProperties) = preSolution
		HideSolutionNode = FALSE
	EndGlobalSection
	GlobalSection(ExtensibilityGlobals) = postSolution
		SolutionGuid = {B45F5428-B8D0-482B-98FB-35B896DB834E}
	EndGlobalSection
EndGlobal
